// !$*UTF8*$!
{
	archiveVersion = 1;
	classes = {
	};
	objectVersion = 46;
	objects = {

/* Begin PBXBuildFile section */
		A200ECEA1BAB1AC9000A8BB9 /* main.m in Sources */ = {isa = PBXBuildFile; fileRef = A200ECE91BAB1AC9000A8BB9 /* main.m */; };
		A200ECED1BAB1AC9000A8BB9 /* AppDelegate.m in Sources */ = {isa = PBXBuildFile; fileRef = A200ECEC1BAB1AC9000A8BB9 /* AppDelegate.m */; };
		A200ECF01BAB1AC9000A8BB9 /* ViewController.m in Sources */ = {isa = PBXBuildFile; fileRef = A200ECEF1BAB1AC9000A8BB9 /* ViewController.m */; };
		A200ECF31BAB1AC9000A8BB9 /* Main.storyboard in Resources */ = {isa = PBXBuildFile; fileRef = A200ECF11BAB1AC9000A8BB9 /* Main.storyboard */; };
		A200ECF51BAB1AC9000A8BB9 /* Assets.xcassets in Resources */ = {isa = PBXBuildFile; fileRef = A200ECF41BAB1AC9000A8BB9 /* Assets.xcassets */; };
		A200ECF81BAB1AC9000A8BB9 /* LaunchScreen.storyboard in Resources */ = {isa = PBXBuildFile; fileRef = A200ECF61BAB1AC9000A8BB9 /* LaunchScreen.storyboard */; };
		A200ED031BAB1AC9000A8BB9 /* AsteroidsTests.m in Sources */ = {isa = PBXBuildFile; fileRef = A200ED021BAB1AC9000A8BB9 /* AsteroidsTests.m */; };
		A200ED0E1BAB1ACA000A8BB9 /* AsteroidsUITests.m in Sources */ = {isa = PBXBuildFile; fileRef = A200ED0D1BAB1ACA000A8BB9 /* AsteroidsUITests.m */; };
/* End PBXBuildFile section */

/* Begin PBXContainerItemProxy section */
		A200ECFF1BAB1AC9000A8BB9 /* PBXContainerItemProxy */ = {
			isa = PBXContainerItemProxy;
			containerPortal = A200ECDD1BAB1AC9000A8BB9 /* Project object */;
			proxyType = 1;
			remoteGlobalIDString = A200ECE41BAB1AC9000A8BB9;
			remoteInfo = Asteroids;
		};
		A200ED0A1BAB1ACA000A8BB9 /* PBXContainerItemProxy */ = {
			isa = PBXContainerItemProxy;
			containerPortal = A200ECDD1BAB1AC9000A8BB9 /* Project object */;
			proxyType = 1;
			remoteGlobalIDString = A200ECE41BAB1AC9000A8BB9;
			remoteInfo = Asteroids;
		};
/* End PBXContainerItemProxy section */

/* Begin PBXFileReference section */
		A200ECE51BAB1AC9000A8BB9 /* Asteroids.app */ = {isa = PBXFileReference; explicitFileType = wrapper.application; includeInIndex = 0; path = Asteroids.app; sourceTree = BUILT_PRODUCTS_DIR; };
		A200ECE91BAB1AC9000A8BB9 /* main.m */ = {isa = PBXFileReference; lastKnownFileType = sourcecode.c.objc; path = main.m; sourceTree = "<group>"; };
		A200ECEB1BAB1AC9000A8BB9 /* AppDelegate.h */ = {isa = PBXFileReference; lastKnownFileType = sourcecode.c.h; path = AppDelegate.h; sourceTree = "<group>"; };
		A200ECEC1BAB1AC9000A8BB9 /* AppDelegate.m */ = {isa = PBXFileReference; lastKnownFileType = sourcecode.c.objc; path = AppDelegate.m; sourceTree = "<group>"; };
		A200ECEE1BAB1AC9000A8BB9 /* ViewController.h */ = {isa = PBXFileReference; lastKnownFileType = sourcecode.c.h; path = ViewController.h; sourceTree = "<group>"; };
		A200ECEF1BAB1AC9000A8BB9 /* ViewController.m */ = {isa = PBXFileReference; lastKnownFileType = sourcecode.c.objc; path = ViewController.m; sourceTree = "<group>"; };
		A200ECF21BAB1AC9000A8BB9 /* Base */ = {isa = PBXFileReference; lastKnownFileType = file.storyboard; name = Base; path = Base.lproj/Main.storyboard; sourceTree = "<group>"; };
		A200ECF41BAB1AC9000A8BB9 /* Assets.xcassets */ = {isa = PBXFileReference; lastKnownFileType = folder.assetcatalog; path = Assets.xcassets; sourceTree = "<group>"; };
		A200ECF71BAB1AC9000A8BB9 /* Base */ = {isa = PBXFileReference; lastKnownFileType = file.storyboard; name = Base; path = Base.lproj/LaunchScreen.storyboard; sourceTree = "<group>"; };
		A200ECF91BAB1AC9000A8BB9 /* Info.plist */ = {isa = PBXFileReference; lastKnownFileType = text.plist.xml; path = Info.plist; sourceTree = "<group>"; };
		A200ECFE1BAB1AC9000A8BB9 /* AsteroidsTests.xctest */ = {isa = PBXFileReference; explicitFileType = wrapper.cfbundle; includeInIndex = 0; path = AsteroidsTests.xctest; sourceTree = BUILT_PRODUCTS_DIR; };
		A200ED021BAB1AC9000A8BB9 /* AsteroidsTests.m */ = {isa = PBXFileReference; lastKnownFileType = sourcecode.c.objc; path = AsteroidsTests.m; sourceTree = "<group>"; };
		A200ED041BAB1AC9000A8BB9 /* Info.plist */ = {isa = PBXFileReference; lastKnownFileType = text.plist.xml; path = Info.plist; sourceTree = "<group>"; };
		A200ED091BAB1ACA000A8BB9 /* AsteroidsUITests.xctest */ = {isa = PBXFileReference; explicitFileType = wrapper.cfbundle; includeInIndex = 0; path = AsteroidsUITests.xctest; sourceTree = BUILT_PRODUCTS_DIR; };
		A200ED0D1BAB1ACA000A8BB9 /* AsteroidsUITests.m */ = {isa = PBXFileReference; lastKnownFileType = sourcecode.c.objc; path = AsteroidsUITests.m; sourceTree = "<group>"; };
		A200ED0F1BAB1ACA000A8BB9 /* Info.plist */ = {isa = PBXFileReference; lastKnownFileType = text.plist.xml; path = Info.plist; sourceTree = "<group>"; };
/* End PBXFileReference section */

/* Begin PBXFrameworksBuildPhase section */
		A200ECE21BAB1AC9000A8BB9 /* Frameworks */ = {
			isa = PBXFrameworksBuildPhase;
			buildActionMask = 2147483647;
			files = (
			);
			runOnlyForDeploymentPostprocessing = 0;
		};
		A200ECFB1BAB1AC9000A8BB9 /* Frameworks */ = {
			isa = PBXFrameworksBuildPhase;
			buildActionMask = 2147483647;
			files = (
			);
			runOnlyForDeploymentPostprocessing = 0;
		};
		A200ED061BAB1ACA000A8BB9 /* Frameworks */ = {
			isa = PBXFrameworksBuildPhase;
			buildActionMask = 2147483647;
			files = (
			);
			runOnlyForDeploymentPostprocessing = 0;
		};
/* End PBXFrameworksBuildPhase section */

/* Begin PBXGroup section */
		A200ECDC1BAB1AC9000A8BB9 = {
			isa = PBXGroup;
			children = (
				A200ECE71BAB1AC9000A8BB9 /* Asteroids */,
				A200ED011BAB1AC9000A8BB9 /* AsteroidsTests */,
				A200ED0C1BAB1ACA000A8BB9 /* AsteroidsUITests */,
				A200ECE61BAB1AC9000A8BB9 /* Products */,
			);
			sourceTree = "<group>";
		};
		A200ECE61BAB1AC9000A8BB9 /* Products */ = {
			isa = PBXGroup;
			children = (
				A200ECE51BAB1AC9000A8BB9 /* Asteroids.app */,
				A200ECFE1BAB1AC9000A8BB9 /* AsteroidsTests.xctest */,
				A200ED091BAB1ACA000A8BB9 /* AsteroidsUITests.xctest */,
			);
			name = Products;
			sourceTree = "<group>";
		};
		A200ECE71BAB1AC9000A8BB9 /* Asteroids */ = {
			isa = PBXGroup;
			children = (
				A200ECEB1BAB1AC9000A8BB9 /* AppDelegate.h */,
				A200ECEC1BAB1AC9000A8BB9 /* AppDelegate.m */,
				A200ECEE1BAB1AC9000A8BB9 /* ViewController.h */,
				A200ECEF1BAB1AC9000A8BB9 /* ViewController.m */,
				A200ECF11BAB1AC9000A8BB9 /* Main.storyboard */,
				A200ECF41BAB1AC9000A8BB9 /* Assets.xcassets */,
				A200ECF61BAB1AC9000A8BB9 /* LaunchScreen.storyboard */,
				A200ECF91BAB1AC9000A8BB9 /* Info.plist */,
				A200ECE81BAB1AC9000A8BB9 /* Supporting Files */,
			);
			path = Asteroids;
			sourceTree = "<group>";
		};
		A200ECE81BAB1AC9000A8BB9 /* Supporting Files */ = {
			isa = PBXGroup;
			children = (
				A200ECE91BAB1AC9000A8BB9 /* main.m */,
			);
			name = "Supporting Files";
			sourceTree = "<group>";
		};
		A200ED011BAB1AC9000A8BB9 /* AsteroidsTests */ = {
			isa = PBXGroup;
			children = (
				A200ED021BAB1AC9000A8BB9 /* AsteroidsTests.m */,
				A200ED041BAB1AC9000A8BB9 /* Info.plist */,
			);
			path = AsteroidsTests;
			sourceTree = "<group>";
		};
		A200ED0C1BAB1ACA000A8BB9 /* AsteroidsUITests */ = {
			isa = PBXGroup;
			children = (
				A200ED0D1BAB1ACA000A8BB9 /* AsteroidsUITests.m */,
				A200ED0F1BAB1ACA000A8BB9 /* Info.plist */,
			);
			path = AsteroidsUITests;
			sourceTree = "<group>";
		};
/* End PBXGroup section */

/* Begin PBXNativeTarget section */
		A200ECE41BAB1AC9000A8BB9 /* Asteroids */ = {
			isa = PBXNativeTarget;
			buildConfigurationList = A200ED121BAB1ACA000A8BB9 /* Build configuration list for PBXNativeTarget "Asteroids" */;
			buildPhases = (
				A200ECE11BAB1AC9000A8BB9 /* Sources */,
				A200ECE21BAB1AC9000A8BB9 /* Frameworks */,
				A200ECE31BAB1AC9000A8BB9 /* Resources */,
			);
			buildRules = (
			);
			dependencies = (
			);
			name = Asteroids;
			productName = Asteroids;
			productReference = A200ECE51BAB1AC9000A8BB9 /* Asteroids.app */;
			productType = "com.apple.product-type.application";
		};
		A200ECFD1BAB1AC9000A8BB9 /* AsteroidsTests */ = {
			isa = PBXNativeTarget;
			buildConfigurationList = A200ED151BAB1ACA000A8BB9 /* Build configuration list for PBXNativeTarget "AsteroidsTests" */;
			buildPhases = (
				A200ECFA1BAB1AC9000A8BB9 /* Sources */,
				A200ECFB1BAB1AC9000A8BB9 /* Frameworks */,
				A200ECFC1BAB1AC9000A8BB9 /* Resources */,
			);
			buildRules = (
			);
			dependencies = (
				A200ED001BAB1AC9000A8BB9 /* PBXTargetDependency */,
			);
			name = AsteroidsTests;
			productName = AsteroidsTests;
			productReference = A200ECFE1BAB1AC9000A8BB9 /* AsteroidsTests.xctest */;
			productType = "com.apple.product-type.bundle.unit-test";
		};
		A200ED081BAB1ACA000A8BB9 /* AsteroidsUITests */ = {
			isa = PBXNativeTarget;
			buildConfigurationList = A200ED181BAB1ACA000A8BB9 /* Build configuration list for PBXNativeTarget "AsteroidsUITests" */;
			buildPhases = (
				A200ED051BAB1ACA000A8BB9 /* Sources */,
				A200ED061BAB1ACA000A8BB9 /* Frameworks */,
				A200ED071BAB1ACA000A8BB9 /* Resources */,
			);
			buildRules = (
			);
			dependencies = (
				A200ED0B1BAB1ACA000A8BB9 /* PBXTargetDependency */,
			);
			name = AsteroidsUITests;
			productName = AsteroidsUITests;
			productReference = A200ED091BAB1ACA000A8BB9 /* AsteroidsUITests.xctest */;
			productType = "com.apple.product-type.bundle.ui-testing";
		};
/* End PBXNativeTarget section */

/* Begin PBXProject section */
		A200ECDD1BAB1AC9000A8BB9 /* Project object */ = {
			isa = PBXProject;
			attributes = {
				LastUpgradeCheck = 0700;
				ORGANIZATIONNAME = "Markus Möller";
				TargetAttributes = {
					A200ECE41BAB1AC9000A8BB9 = {
						CreatedOnToolsVersion = 7.0;
					};
					A200ECFD1BAB1AC9000A8BB9 = {
						CreatedOnToolsVersion = 7.0;
						TestTargetID = A200ECE41BAB1AC9000A8BB9;
					};
					A200ED081BAB1ACA000A8BB9 = {
						CreatedOnToolsVersion = 7.0;
						TestTargetID = A200ECE41BAB1AC9000A8BB9;
					};
				};
			};
			buildConfigurationList = A200ECE01BAB1AC9000A8BB9 /* Build configuration list for PBXProject "Asteroids" */;
			compatibilityVersion = "Xcode 3.2";
			developmentRegion = English;
			hasScannedForEncodings = 0;
			knownRegions = (
				en,
				Base,
			);
			mainGroup = A200ECDC1BAB1AC9000A8BB9;
			productRefGroup = A200ECE61BAB1AC9000A8BB9 /* Products */;
			projectDirPath = "";
			projectRoot = "";
			targets = (
				A200ECE41BAB1AC9000A8BB9 /* Asteroids */,
				A200ECFD1BAB1AC9000A8BB9 /* AsteroidsTests */,
				A200ED081BAB1ACA000A8BB9 /* AsteroidsUITests */,
			);
		};
/* End PBXProject section */

/* Begin PBXResourcesBuildPhase section */
		A200ECE31BAB1AC9000A8BB9 /* Resources */ = {
			isa = PBXResourcesBuildPhase;
			buildActionMask = 2147483647;
			files = (
				A200ECF81BAB1AC9000A8BB9 /* LaunchScreen.storyboard in Resources */,
				A200ECF51BAB1AC9000A8BB9 /* Assets.xcassets in Resources */,
				A200ECF31BAB1AC9000A8BB9 /* Main.storyboard in Resources */,
			);
			runOnlyForDeploymentPostprocessing = 0;
		};
		A200ECFC1BAB1AC9000A8BB9 /* Resources */ = {
			isa = PBXResourcesBuildPhase;
			buildActionMask = 2147483647;
			files = (
			);
			runOnlyForDeploymentPostprocessing = 0;
		};
		A200ED071BAB1ACA000A8BB9 /* Resources */ = {
			isa = PBXResourcesBuildPhase;
			buildActionMask = 2147483647;
			files = (
			);
			runOnlyForDeploymentPostprocessing = 0;
		};
/* End PBXResourcesBuildPhase section */

/* Begin PBXSourcesBuildPhase section */
		A200ECE11BAB1AC9000A8BB9 /* Sources */ = {
			isa = PBXSourcesBuildPhase;
			buildActionMask = 2147483647;
			files = (
				A200ECF01BAB1AC9000A8BB9 /* ViewController.m in Sources */,
				A200ECED1BAB1AC9000A8BB9 /* AppDelegate.m in Sources */,
				A200ECEA1BAB1AC9000A8BB9 /* main.m in Sources */,
			);
			runOnlyForDeploymentPostprocessing = 0;
		};
		A200ECFA1BAB1AC9000A8BB9 /* Sources */ = {
			isa = PBXSourcesBuildPhase;
			buildActionMask = 2147483647;
			files = (
				A200ED031BAB1AC9000A8BB9 /* AsteroidsTests.m in Sources */,
			);
			runOnlyForDeploymentPostprocessing = 0;
		};
		A200ED051BAB1ACA000A8BB9 /* Sources */ = {
			isa = PBXSourcesBuildPhase;
			buildActionMask = 2147483647;
			files = (
				A200ED0E1BAB1ACA000A8BB9 /* AsteroidsUITests.m in Sources */,
			);
			runOnlyForDeploymentPostprocessing = 0;
		};
/* End PBXSourcesBuildPhase section */

/* Begin PBXTargetDependency section */
		A200ED001BAB1AC9000A8BB9 /* PBXTargetDependency */ = {
			isa = PBXTargetDependency;
			target = A200ECE41BAB1AC9000A8BB9 /* Asteroids */;
			targetProxy = A200ECFF1BAB1AC9000A8BB9 /* PBXContainerItemProxy */;
		};
		A200ED0B1BAB1ACA000A8BB9 /* PBXTargetDependency */ = {
			isa = PBXTargetDependency;
			target = A200ECE41BAB1AC9000A8BB9 /* Asteroids */;
			targetProxy = A200ED0A1BAB1ACA000A8BB9 /* PBXContainerItemProxy */;
		};
/* End PBXTargetDependency section */

/* Begin PBXVariantGroup section */
		A200ECF11BAB1AC9000A8BB9 /* Main.storyboard */ = {
			isa = PBXVariantGroup;
			children = (
				A200ECF21BAB1AC9000A8BB9 /* Base */,
			);
			name = Main.storyboard;
			sourceTree = "<group>";
		};
		A200ECF61BAB1AC9000A8BB9 /* LaunchScreen.storyboard */ = {
			isa = PBXVariantGroup;
			children = (
				A200ECF71BAB1AC9000A8BB9 /* Base */,
			);
			name = LaunchScreen.storyboard;
			sourceTree = "<group>";
		};
/* End PBXVariantGroup section */

/* Begin XCBuildConfiguration section */
		A200ED101BAB1ACA000A8BB9 /* Debug */ = {
			isa = XCBuildConfiguration;
			buildSettings = {
				ALWAYS_SEARCH_USER_PATHS = NO;
				CLANG_CXX_LANGUAGE_STANDARD = "gnu++0x";
				CLANG_CXX_LIBRARY = "libc++";
				CLANG_ENABLE_MODULES = YES;
				CLANG_ENABLE_OBJC_ARC = YES;
				CLANG_WARN_BOOL_CONVERSION = YES;
				CLANG_WARN_CONSTANT_CONVERSION = YES;
				CLANG_WARN_DIRECT_OBJC_ISA_USAGE = YES_ERROR;
				CLANG_WARN_EMPTY_BODY = YES;
				CLANG_WARN_ENUM_CONVERSION = YES;
				CLANG_WARN_INT_CONVERSION = YES;
				CLANG_WARN_OBJC_ROOT_CLASS = YES_ERROR;
				CLANG_WARN_UNREACHABLE_CODE = YES;
				CLANG_WARN__DUPLICATE_METHOD_MATCH = YES;
				"CODE_SIGN_IDENTITY[sdk=iphoneos*]" = "iPhone Developer";
				COPY_PHASE_STRIP = NO;
				DEBUG_INFORMATION_FORMAT = dwarf;
				ENABLE_STRICT_OBJC_MSGSEND = YES;
				ENABLE_TESTABILITY = YES;
				GCC_C_LANGUAGE_STANDARD = gnu99;
				GCC_DYNAMIC_NO_PIC = NO;
				GCC_NO_COMMON_BLOCKS = YES;
				GCC_OPTIMIZATION_LEVEL = 0;
				GCC_PREPROCESSOR_DEFINITIONS = (
					"DEBUG=1",
					"$(inherited)",
				);
				GCC_WARN_64_TO_32_BIT_CONVERSION = YES;
				GCC_WARN_ABOUT_RETURN_TYPE = YES_ERROR;
				GCC_WARN_UNDECLARED_SELECTOR = YES;
				GCC_WARN_UNINITIALIZED_AUTOS = YES_AGGRESSIVE;
				GCC_WARN_UNUSED_FUNCTION = YES;
				GCC_WARN_UNUSED_VARIABLE = YES;
				IPHONEOS_DEPLOYMENT_TARGET = 9.0;
				MTL_ENABLE_DEBUG_INFO = YES;
				ONLY_ACTIVE_ARCH = YES;
				SDKROOT = iphoneos;
				TARGETED_DEVICE_FAMILY = "1,2";
			};
			name = Debug;
		};
		A200ED111BAB1ACA000A8BB9 /* Release */ = {
			isa = XCBuildConfiguration;
			buildSettings = {
				ALWAYS_SEARCH_USER_PATHS = NO;
				CLANG_CXX_LANGUAGE_STANDARD = "gnu++0x";
				CLANG_CXX_LIBRARY = "libc++";
				CLANG_ENABLE_MODULES = YES;
				CLANG_ENABLE_OBJC_ARC = YES;
				CLANG_WARN_BOOL_CONVERSION = YES;
				CLANG_WARN_CONSTANT_CONVERSION = YES;
				CLANG_WARN_DIRECT_OBJC_ISA_USAGE = YES_ERROR;
				CLANG_WARN_EMPTY_BODY = YES;
				CLANG_WARN_ENUM_CONVERSION = YES;
				CLANG_WARN_INT_CONVERSION = YES;
				CLANG_WARN_OBJC_ROOT_CLASS = YES_ERROR;
				CLANG_WARN_UNREACHABLE_CODE = YES;
				CLANG_WARN__DUPLICATE_METHOD_MATCH = YES;
				"CODE_SIGN_IDENTITY[sdk=iphoneos*]" = "iPhone Developer";
				COPY_PHASE_STRIP = NO;
				DEBUG_INFORMATION_FORMAT = "dwarf-with-dsym";
				ENABLE_NS_ASSERTIONS = NO;
				ENABLE_STRICT_OBJC_MSGSEND = YES;
				GCC_C_LANGUAGE_STANDARD = gnu99;
				GCC_NO_COMMON_BLOCKS = YES;
				GCC_WARN_64_TO_32_BIT_CONVERSION = YES;
				GCC_WARN_ABOUT_RETURN_TYPE = YES_ERROR;
				GCC_WARN_UNDECLARED_SELECTOR = YES;
				GCC_WARN_UNINITIALIZED_AUTOS = YES_AGGRESSIVE;
				GCC_WARN_UNUSED_FUNCTION = YES;
				GCC_WARN_UNUSED_VARIABLE = YES;
				IPHONEOS_DEPLOYMENT_TARGET = 9.0;
				MTL_ENABLE_DEBUG_INFO = NO;
				SDKROOT = iphoneos;
				TARGETED_DEVICE_FAMILY = "1,2";
				VALIDATE_PRODUCT = YES;
			};
			name = Release;
		};
		A200ED131BAB1ACA000A8BB9 /* Debug */ = {
			isa = XCBuildConfiguration;
			buildSettings = {
				ASSETCATALOG_COMPILER_APPICON_NAME = AppIcon;
				INFOPLIST_FILE = Asteroids/Info.plist;
				IPHONEOS_DEPLOYMENT_TARGET = 8.0;
				LD_RUNPATH_SEARCH_PATHS = "$(inherited) @executable_path/Frameworks";
				PRODUCT_BUNDLE_IDENTIFIER = de.macmark.Asteroids;
				PRODUCT_NAME = "$(TARGET_NAME)";
			};
			name = Debug;
		};
		A200ED141BAB1ACA000A8BB9 /* Release */ = {
			isa = XCBuildConfiguration;
			buildSettings = {
				ASSETCATALOG_COMPILER_APPICON_NAME = AppIcon;
				INFOPLIST_FILE = Asteroids/Info.plist;
				IPHONEOS_DEPLOYMENT_TARGET = 8.0;
				LD_RUNPATH_SEARCH_PATHS = "$(inherited) @executable_path/Frameworks";
				PRODUCT_BUNDLE_IDENTIFIER = de.macmark.Asteroids;
				PRODUCT_NAME = "$(TARGET_NAME)";
			};
			name = Release;
		};
		A200ED161BAB1ACA000A8BB9 /* Debug */ = {
			isa = XCBuildConfiguration;
			buildSettings = {
				BUNDLE_LOADER = "$(TEST_HOST)";
				INFOPLIST_FILE = AsteroidsTests/Info.plist;
				LD_RUNPATH_SEARCH_PATHS = "$(inherited) @executable_path/Frameworks @loader_path/Frameworks";
				PRODUCT_BUNDLE_IDENTIFIER = de.macmark.AsteroidsTests;
				PRODUCT_NAME = "$(TARGET_NAME)";
				TEST_HOST = "$(BUILT_PRODUCTS_DIR)/Asteroids.app/Asteroids";
			};
			name = Debug;
		};
		A200ED171BAB1ACA000A8BB9 /* Release */ = {
			isa = XCBuildConfiguration;
			buildSettings = {
				BUNDLE_LOADER = "$(TEST_HOST)";
				INFOPLIST_FILE = AsteroidsTests/Info.plist;
				LD_RUNPATH_SEARCH_PATHS = "$(inherited) @executable_path/Frameworks @loader_path/Frameworks";
				PRODUCT_BUNDLE_IDENTIFIER = de.macmark.AsteroidsTests;
				PRODUCT_NAME = "$(TARGET_NAME)";
				TEST_HOST = "$(BUILT_PRODUCTS_DIR)/Asteroids.app/Asteroids";
			};
			name = Release;
		};
		A200ED191BAB1ACA000A8BB9 /* Debug */ = {
			isa = XCBuildConfiguration;
			buildSettings = {
				INFOPLIST_FILE = AsteroidsUITests/Info.plist;
				LD_RUNPATH_SEARCH_PATHS = "$(inherited) @executable_path/Frameworks @loader_path/Frameworks";
				PRODUCT_BUNDLE_IDENTIFIER = de.macmark.AsteroidsUITests;
				PRODUCT_NAME = "$(TARGET_NAME)";
				TEST_TARGET_NAME = Asteroids;
				USES_XCTRUNNER = YES;
			};
			name = Debug;
		};
		A200ED1A1BAB1ACA000A8BB9 /* Release */ = {
			isa = XCBuildConfiguration;
			buildSettings = {
				INFOPLIST_FILE = AsteroidsUITests/Info.plist;
				LD_RUNPATH_SEARCH_PATHS = "$(inherited) @executable_path/Frameworks @loader_path/Frameworks";
				PRODUCT_BUNDLE_IDENTIFIER = de.macmark.AsteroidsUITests;
				PRODUCT_NAME = "$(TARGET_NAME)";
				TEST_TARGET_NAME = Asteroids;
				USES_XCTRUNNER = YES;
			};
			name = Release;
		};
/* End XCBuildConfiguration section */

/* Begin XCConfigurationList section */
		A200ECE01BAB1AC9000A8BB9 /* Build configuration list for PBXProject "Asteroids" */ = {
			isa = XCConfigurationList;
			buildConfigurations = (
				A200ED101BAB1ACA000A8BB9 /* Debug */,
				A200ED111BAB1ACA000A8BB9 /* Release */,
			);
			defaultConfigurationIsVisible = 0;
			defaultConfigurationName = Release;
		};
		A200ED121BAB1ACA000A8BB9 /* Build configuration list for PBXNativeTarget "Asteroids" */ = {
			isa = XCConfigurationList;
			buildConfigurations = (
				A200ED131BAB1ACA000A8BB9 /* Debug */,
				A200ED141BAB1ACA000A8BB9 /* Release */,
			);
			defaultConfigurationIsVisible = 0;
		};
		A200ED151BAB1ACA000A8BB9 /* Build configuration list for PBXNativeTarget "AsteroidsTests" */ = {
			isa = XCConfigurationList;
			buildConfigurations = (
				A200ED161BAB1ACA000A8BB9 /* Debug */,
				A200ED171BAB1ACA000A8BB9 /* Release */,
			);
			defaultConfigurationIsVisible = 0;
		};
		A200ED181BAB1ACA000A8BB9 /* Build configuration list for PBXNativeTarget "AsteroidsUITests" */ = {
			isa = XCConfigurationList;
			buildConfigurations = (
				A200ED191BAB1ACA000A8BB9 /* Debug */,
				A200ED1A1BAB1ACA000A8BB9 /* Release */,
			);
			defaultConfigurationIsVisible = 0;
		};
/* End XCConfigurationList section */
	};
	rootObject = A200ECDD1BAB1AC9000A8BB9 /* Project object */;
}
